
Microsoft Visual Studio Solution File, Format Version 12.00
# Visual Studio Version 17
VisualStudioVersion = 17.6.33723.286
MinimumVisualStudioVersion = 10.0.40219.1
Project("{2150E333-8FDC-42A3-9474-1A3956D46DE8}") = "Storage", "Storage", "{2553B713-D8B5-44BA-AA86-339D7C3DDF0F}"
	ProjectSection(SolutionItems) = preProject
		Storage\build\build.csproj = Storage\build\build.csproj
	EndProjectSection
EndProject
Project("{9A19103F-16F7-4668-BE54-9A1E7A4F7556}") = "IdentityServer4.Storage", "Storage\src\IdentityServer4.Storage.csproj", "{546B6E16-E60A-4F5D-9D0A-CE1C7C47A7E5}"
EndProject
Project("{2150E333-8FDC-42A3-9474-1A3956D46DE8}") = "IdentityServer", "IdentityServer", "{B51DA65A-7E69-4816-8717-2015AF2B8CAD}"
EndProject
Project("{9A19103F-16F7-4668-BE54-9A1E7A4F7556}") = "IdentityServer4", "IdentityServer4\src\IdentityServer4.csproj", "{CAB292D9-D52E-4643-B8EC-4ECB3145E298}"
EndProject
Project("{9A19103F-16F7-4668-BE54-9A1E7A4F7556}") = "Host", "IdentityServer4\host\Host.csproj", "{99B3B7F3-3250-4EFA-B4F1-2A8F6E62AB05}"
EndProject
Project("{9A19103F-16F7-4668-BE54-9A1E7A4F7556}") = "IdentityServer.IntegrationTests", "IdentityServer4\test\IdentityServer.IntegrationTests\IdentityServer.IntegrationTests.csproj", "{E7334910-093F-4E54-8D51-BD521D612EEC}"
EndProject
Project("{2150E333-8FDC-42A3-9474-1A3956D46DE8}") = "Test", "Test", "{F8E47CE6-09A8-433F-915B-9C885A866B33}"
EndProject
Project("{9A19103F-16F7-4668-BE54-9A1E7A4F7556}") = "IdentityServer.UnitTests", "IdentityServer4\test\IdentityServer.UnitTests\IdentityServer.UnitTests.csproj", "{7FC9F839-10A4-4282-84ED-5CF537910632}"
EndProject
Project("{2150E333-8FDC-42A3-9474-1A3956D46DE8}") = "EntityFramework", "EntityFramework", "{4EFA944F-50B0-4EA4-95F0-1256B22F32CC}"
EndProject
Project("{9A19103F-16F7-4668-BE54-9A1E7A4F7556}") = "IdentityServer4.EntityFramework", "EntityFramework\src\IdentityServer4.EntityFramework.csproj", "{E114B6A5-CAF5-4C7C-8F93-F04FA80BFC5F}"
EndProject
Project("{9A19103F-16F7-4668-BE54-9A1E7A4F7556}") = "Host", "EntityFramework\host\Host.csproj", "{7FA722E8-0506-44B0-8136-0D15977C3C26}"
EndProject
Project("{9A19103F-16F7-4668-BE54-9A1E7A4F7556}") = "SqlServer", "EntityFramework\migrations\SqlServer\SqlServer.csproj", "{C9579D70-111C-4173-BB34-CFEFD5E2EC75}"
EndProject
Project("{2150E333-8FDC-42A3-9474-1A3956D46DE8}") = "Migrations", "Migrations", "{B58075D9-FD77-45DA-A856-27A47D0EDC26}"
EndProject
Project("{2150E333-8FDC-42A3-9474-1A3956D46DE8}") = "Test", "Test", "{B987B258-ABF8-4B53-804D-5B99057D2B36}"
EndProject
Project("{9A19103F-16F7-4668-BE54-9A1E7A4F7556}") = "IdentityServer4.EntityFramework.Tests", "EntityFramework\test\IdentityServer4.EntityFramework.Tests\IdentityServer4.EntityFramework.Tests.csproj", "{A5427DF9-AA9E-46DB-87D1-DEB00FC78845}"
EndProject
Project("{2150E333-8FDC-42A3-9474-1A3956D46DE8}") = "AspNetIdentity", "AspNetIdentity", "{9588B200-1043-46EC-BED4-33D07DE8F776}"
EndProject
Project("{9A19103F-16F7-4668-BE54-9A1E7A4F7556}") = "IdentityServer4.AspNetIdentity", "AspNetIdentity\src\IdentityServer4.AspNetIdentity.csproj", "{6ABDAFBC-1C2D-4192-94CB-905FFF4D0912}"
EndProject
Project("{9A19103F-16F7-4668-BE54-9A1E7A4F7556}") = "Host", "AspNetIdentity\host\Host.csproj", "{ED0A68B6-160A-4176-8317-A7730808F435}"
EndProject
Project("{2150E333-8FDC-42A3-9474-1A3956D46DE8}") = "Migrations", "Migrations", "{B1972210-C677-4953-9FA5-365D5D1AA3E6}"
EndProject
Project("{9A19103F-16F7-4668-BE54-9A1E7A4F7556}") = "SqlServer", "AspNetIdentity\migrations\SqlServer\SqlServer.csproj", "{8975F517-517B-4FF7-A2CD-EB6960FF85CD}"
EndProject
Project("{2150E333-8FDC-42A3-9474-1A3956D46DE8}") = "IdentityModel", "IdentityModel", "{95CFC417-FEFD-49A9-8707-4432891269A0}"
EndProject
Project("{9A19103F-16F7-4668-BE54-9A1E7A4F7556}") = "IdentityModel", "IdentityModel\src\IdentityModel.csproj", "{F2676286-E15A-482D-8B52-EBE84E3C69EA}"
EndProject
Global
	GlobalSection(SolutionConfigurationPlatforms) = preSolution
		Debug|Any CPU = Debug|Any CPU
		Release|Any CPU = Release|Any CPU
	EndGlobalSection
	GlobalSection(ProjectConfigurationPlatforms) = postSolution
		{546B6E16-E60A-4F5D-9D0A-CE1C7C47A7E5}.Debug|Any CPU.ActiveCfg = Debug|Any CPU
		{546B6E16-E60A-4F5D-9D0A-CE1C7C47A7E5}.Debug|Any CPU.Build.0 = Debug|Any CPU
		{546B6E16-E60A-4F5D-9D0A-CE1C7C47A7E5}.Release|Any CPU.ActiveCfg = Release|Any CPU
		{546B6E16-E60A-4F5D-9D0A-CE1C7C47A7E5}.Release|Any CPU.Build.0 = Release|Any CPU
		{CAB292D9-D52E-4643-B8EC-4ECB3145E298}.Debug|Any CPU.ActiveCfg = Debug|Any CPU
		{CAB292D9-D52E-4643-B8EC-4ECB3145E298}.Debug|Any CPU.Build.0 = Debug|Any CPU
		{CAB292D9-D52E-4643-B8EC-4ECB3145E298}.Release|Any CPU.ActiveCfg = Release|Any CPU
		{CAB292D9-D52E-4643-B8EC-4ECB3145E298}.Release|Any CPU.Build.0 = Release|Any CPU
		{99B3B7F3-3250-4EFA-B4F1-2A8F6E62AB05}.Debug|Any CPU.ActiveCfg = Debug|Any CPU
		{99B3B7F3-3250-4EFA-B4F1-2A8F6E62AB05}.Debug|Any CPU.Build.0 = Debug|Any CPU
		{99B3B7F3-3250-4EFA-B4F1-2A8F6E62AB05}.Release|Any CPU.ActiveCfg = Release|Any CPU
		{99B3B7F3-3250-4EFA-B4F1-2A8F6E62AB05}.Release|Any CPU.Build.0 = Release|Any CPU
		{E7334910-093F-4E54-8D51-BD521D612EEC}.Debug|Any CPU.ActiveCfg = Debug|Any CPU
		{E7334910-093F-4E54-8D51-BD521D612EEC}.Debug|Any CPU.Build.0 = Debug|Any CPU
		{E7334910-093F-4E54-8D51-BD521D612EEC}.Release|Any CPU.ActiveCfg = Release|Any CPU
		{E7334910-093F-4E54-8D51-BD521D612EEC}.Release|Any CPU.Build.0 = Release|Any CPU
		{7FC9F839-10A4-4282-84ED-5CF537910632}.Debug|Any CPU.ActiveCfg = Debug|Any CPU
		{7FC9F839-10A4-4282-84ED-5CF537910632}.Debug|Any CPU.Build.0 = Debug|Any CPU
		{7FC9F839-10A4-4282-84ED-5CF537910632}.Release|Any CPU.ActiveCfg = Release|Any CPU
		{7FC9F839-10A4-4282-84ED-5CF537910632}.Release|Any CPU.Build.0 = Release|Any CPU
		{E114B6A5-CAF5-4C7C-8F93-F04FA80BFC5F}.Debug|Any CPU.ActiveCfg = Debug|Any CPU
		{E114B6A5-CAF5-4C7C-8F93-F04FA80BFC5F}.Debug|Any CPU.Build.0 = Debug|Any CPU
		{E114B6A5-CAF5-4C7C-8F93-F04FA80BFC5F}.Release|Any CPU.ActiveCfg = Release|Any CPU
		{E114B6A5-CAF5-4C7C-8F93-F04FA80BFC5F}.Release|Any CPU.Build.0 = Release|Any CPU
		{7FA722E8-0506-44B0-8136-0D15977C3C26}.Debug|Any CPU.ActiveCfg = Debug|Any CPU
		{7FA722E8-0506-44B0-8136-0D15977C3C26}.Debug|Any CPU.Build.0 = Debug|Any CPU
		{7FA722E8-0506-44B0-8136-0D15977C3C26}.Release|Any CPU.ActiveCfg = Release|Any CPU
		{7FA722E8-0506-44B0-8136-0D15977C3C26}.Release|Any CPU.Build.0 = Release|Any CPU
		{C9579D70-111C-4173-BB34-CFEFD5E2EC75}.Debug|Any CPU.ActiveCfg = Debug|Any CPU
		{C9579D70-111C-4173-BB34-CFEFD5E2EC75}.Debug|Any CPU.Build.0 = Debug|Any CPU
		{C9579D70-111C-4173-BB34-CFEFD5E2EC75}.Release|Any CPU.ActiveCfg = Release|Any CPU
		{C9579D70-111C-4173-BB34-CFEFD5E2EC75}.Release|Any CPU.Build.0 = Release|Any CPU
		{A5427DF9-AA9E-46DB-87D1-DEB00FC78845}.Debug|Any CPU.ActiveCfg = Debug|Any CPU
		{A5427DF9-AA9E-46DB-87D1-DEB00FC78845}.Debug|Any CPU.Build.0 = Debug|Any CPU
		{A5427DF9-AA9E-46DB-87D1-DEB00FC78845}.Release|Any CPU.ActiveCfg = Release|Any CPU
		{A5427DF9-AA9E-46DB-87D1-DEB00FC78845}.Release|Any CPU.Build.0 = Release|Any CPU
		{6ABDAFBC-1C2D-4192-94CB-905FFF4D0912}.Debug|Any CPU.ActiveCfg = Debug|Any CPU
		{6ABDAFBC-1C2D-4192-94CB-905FFF4D0912}.Debug|Any CPU.Build.0 = Debug|Any CPU
		{6ABDAFBC-1C2D-4192-94CB-905FFF4D0912}.Release|Any CPU.ActiveCfg = Release|Any CPU
		{6ABDAFBC-1C2D-4192-94CB-905FFF4D0912}.Release|Any CPU.Build.0 = Release|Any CPU
		{ED0A68B6-160A-4176-8317-A7730808F435}.Debug|Any CPU.ActiveCfg = Debug|Any CPU
		{ED0A68B6-160A-4176-8317-A7730808F435}.Debug|Any CPU.Build.0 = Debug|Any CPU
		{ED0A68B6-160A-4176-8317-A7730808F435}.Release|Any CPU.ActiveCfg = Release|Any CPU
		{ED0A68B6-160A-4176-8317-A7730808F435}.Release|Any CPU.Build.0 = Release|Any CPU
		{8975F517-517B-4FF7-A2CD-EB6960FF85CD}.Debug|Any CPU.ActiveCfg = Debug|Any CPU
		{8975F517-517B-4FF7-A2CD-EB6960FF85CD}.Debug|Any CPU.Build.0 = Debug|Any CPU
		{8975F517-517B-4FF7-A2CD-EB6960FF85CD}.Release|Any CPU.ActiveCfg = Release|Any CPU
		{8975F517-517B-4FF7-A2CD-EB6960FF85CD}.Release|Any CPU.Build.0 = Release|Any CPU
		{F2676286-E15A-482D-8B52-EBE84E3C69EA}.Debug|Any CPU.ActiveCfg = Debug|Any CPU
		{F2676286-E15A-482D-8B52-EBE84E3C69EA}.Debug|Any CPU.Build.0 = Debug|Any CPU
		{F2676286-E15A-482D-8B52-EBE84E3C69EA}.Release|Any CPU.ActiveCfg = Release|Any CPU
		{F2676286-E15A-482D-8B52-EBE84E3C69EA}.Release|Any CPU.Build.0 = Release|Any CPU
	EndGlobalSection
	GlobalSection(SolutionProperties) = preSolution
		HideSolutionNode = FALSE
	EndGlobalSection
	GlobalSection(NestedProjects) = preSolution
		{546B6E16-E60A-4F5D-9D0A-CE1C7C47A7E5} = {2553B713-D8B5-44BA-AA86-339D7C3DDF0F}
		{CAB292D9-D52E-4643-B8EC-4ECB3145E298} = {B51DA65A-7E69-4816-8717-2015AF2B8CAD}
		{99B3B7F3-3250-4EFA-B4F1-2A8F6E62AB05} = {B51DA65A-7E69-4816-8717-2015AF2B8CAD}
		{E7334910-093F-4E54-8D51-BD521D612EEC} = {F8E47CE6-09A8-433F-915B-9C885A866B33}
		{F8E47CE6-09A8-433F-915B-9C885A866B33} = {B51DA65A-7E69-4816-8717-2015AF2B8CAD}
		{7FC9F839-10A4-4282-84ED-5CF537910632} = {F8E47CE6-09A8-433F-915B-9C885A866B33}
		{E114B6A5-CAF5-4C7C-8F93-F04FA80BFC5F} = {4EFA944F-50B0-4EA4-95F0-1256B22F32CC}
		{7FA722E8-0506-44B0-8136-0D15977C3C26} = {4EFA944F-50B0-4EA4-95F0-1256B22F32CC}
		{C9579D70-111C-4173-BB34-CFEFD5E2EC75} = {B58075D9-FD77-45DA-A856-27A47D0EDC26}
		{B58075D9-FD77-45DA-A856-27A47D0EDC26} = {4EFA944F-50B0-4EA4-95F0-1256B22F32CC}
		{B987B258-ABF8-4B53-804D-5B99057D2B36} = {4EFA944F-50B0-4EA4-95F0-1256B22F32CC}
		{A5427DF9-AA9E-46DB-87D1-DEB00FC78845} = {B987B258-ABF8-4B53-804D-5B99057D2B36}
		{6ABDAFBC-1C2D-4192-94CB-905FFF4D0912} = {9588B200-1043-46EC-BED4-33D07DE8F776}
		{ED0A68B6-160A-4176-8317-A7730808F435} = {9588B200-1043-46EC-BED4-33D07DE8F776}
		{B1972210-C677-4953-9FA5-365D5D1AA3E6} = {9588B200-1043-46EC-BED4-33D07DE8F776}
		{8975F517-517B-4FF7-A2CD-EB6960FF85CD} = {B1972210-C677-4953-9FA5-365D5D1AA3E6}
		{F2676286-E15A-482D-8B52-EBE84E3C69EA} = {95CFC417-FEFD-49A9-8707-4432891269A0}
	EndGlobalSection
	GlobalSection(ExtensibilityGlobals) = postSolution
		SolutionGuid = {896224B9-7B4F-448C-8DD5-25F8B4E3779F}
	EndGlobalSection
EndGlobal
